
Microsoft Visual Studio Solution File, Format Version 12.00
# Visual Studio Version 17
VisualStudioVersion = 17.4.33110.190
MinimumVisualStudioVersion = 10.0.40219.1
Project("{FAE04EC0-301F-11D3-BF4B-00C04F79EFBC}") = "RegExPattern", "RegExPattern.csproj", "{32C712E9-41F7-42AF-8253-ECA28D328075}"
EndProject
Global
	GlobalSection(SolutionConfigurationPlatforms) = preSolution
		Debug|Any CPU = Debug|Any CPU
		Release|Any CPU = Release|Any CPU
	EndGlobalSection
	GlobalSection(ProjectConfigurationPlatforms) = postSolution
		{32C712E9-41F7-42AF-8253-ECA28D328075}.Debug|Any CPU.ActiveCfg = Debug|Any CPU
		{32C712E9-41F7-42AF-8253-ECA28D328075}.Debug|Any CPU.Build.0 = Debug|Any CPU
		{32C712E9-41F7-42AF-8253-ECA28D328075}.Release|Any CPU.ActiveCfg = Release|Any CPU
		{32C712E9-41F7-42AF-8253-ECA28D328075}.Release|Any CPU.Build.0 = Release|Any CPU
	EndGlobalSection
	GlobalSection(SolutionProperties) = preSolution
		HideSolutionNode = FALSE
	EndGlobalSection
	GlobalSection(ExtensibilityGlobals) = postSolution
		SolutionGuid = {D5069D52-E67A-4D6F-9204-0C76E232FC98}
	EndGlobalSection
EndGlobal
